lockfileVersion: '9.0'

settings:
  autoInstallPeers: true
  excludeLinksFromLockfile: false

importers:

  .:
    dependencies:
      durable-utils:
        specifier: ^0.3.5
        version: 0.3.5

packages:

  durable-utils@0.3.5:
    resolution: {integrity: sha512-R0XI76HP0KJh3xQ0ZkeWq1MsuQnd30t/CKhUm2aab2KBOhiCZrFYuc+FIg46UqXimDr3rRdt1Zd6Z1uiAyAIFQ==}

snapshots:

  durable-utils@0.3.5: {}
